
Microsoft Visual Studio Solution File, Format Version 12.00
# Visual Studio Version 17
VisualStudioVersion = 17.13.35806.99 d17.13
MinimumVisualStudioVersion = 10.0.40219.1
Project("{FAE04EC0-301F-11D3-BF4B-00C04F79EFBC}") = "HypeAPI", "HypeAPI\HypeAPI.csproj", "{82C77A9A-2639-4905-A964-382E3E27AEDD}"
EndProject
Global
	GlobalSection(SolutionConfigurationPlatforms) = preSolution
		Debug|Any CPU = Debug|Any CPU
		Release|Any CPU = Release|Any CPU
	EndGlobalSection
	GlobalSection(ProjectConfigurationPlatforms) = postSolution
		{82C77A9A-2639-4905-A964-382E3E27AEDD}.Debug|Any CPU.ActiveCfg = Debug|Any CPU
		{82C77A9A-2639-4905-A964-382E3E27AEDD}.Debug|Any CPU.Build.0 = Debug|Any CPU
		{82C77A9A-2639-4905-A964-382E3E27AEDD}.Release|Any CPU.ActiveCfg = Release|Any CPU
		{82C77A9A-2639-4905-A964-382E3E27AEDD}.Release|Any CPU.Build.0 = Release|Any CPU
	EndGlobalSection
	GlobalSection(SolutionProperties) = preSolution
		HideSolutionNode = FALSE
	EndGlobalSection
	GlobalSection(ExtensibilityGlobals) = postSolution
		SolutionGuid = {B8F9C416-10A6-40A3-A1BB-AE929AF2FE4B}
	EndGlobalSection
EndGlobal
